
Microsoft Visual Studio Solution File, Format Version 12.00
# Visual Studio Version 16
VisualStudioVersion = 16.0.29905.134
MinimumVisualStudioVersion = 10.0.40219.1
Project("{9A19103F-16F7-4668-BE54-9A1E7A4F7556}") = "Many Methods", "Many Methods\Many Methods.csproj", "{6552C74F-E178-4E4F-942F-DA74701A5072}"
EndProject
Project("{FAE04EC0-301F-11D3-BF4B-00C04F79EFBC}") = "PigLatin", "PigLatin\PigLatin.csproj", "{743C7A3C-8165-4D63-B326-99DDE6D60AEF}"
EndProject
Global
	GlobalSection(SolutionConfigurationPlatforms) = preSolution
		Debug|Any CPU = Debug|Any CPU
		Release|Any CPU = Release|Any CPU
	EndGlobalSection
	GlobalSection(ProjectConfigurationPlatforms) = postSolution
		{6552C74F-E178-4E4F-942F-DA74701A5072}.Debug|Any CPU.ActiveCfg = Debug|Any CPU
		{6552C74F-E178-4E4F-942F-DA74701A5072}.Debug|Any CPU.Build.0 = Debug|Any CPU
		{6552C74F-E178-4E4F-942F-DA74701A5072}.Release|Any CPU.ActiveCfg = Release|Any CPU
		{6552C74F-E178-4E4F-942F-DA74701A5072}.Release|Any CPU.Build.0 = Release|Any CPU
		{743C7A3C-8165-4D63-B326-99DDE6D60AEF}.Debug|Any CPU.ActiveCfg = Debug|Any CPU
		{743C7A3C-8165-4D63-B326-99DDE6D60AEF}.Debug|Any CPU.Build.0 = Debug|Any CPU
		{743C7A3C-8165-4D63-B326-99DDE6D60AEF}.Release|Any CPU.ActiveCfg = Release|Any CPU
		{743C7A3C-8165-4D63-B326-99DDE6D60AEF}.Release|Any CPU.Build.0 = Release|Any CPU
	EndGlobalSection
	GlobalSection(SolutionProperties) = preSolution
		HideSolutionNode = FALSE
	EndGlobalSection
	GlobalSection(ExtensibilityGlobals) = postSolution
		SolutionGuid = {5CAAC4B3-6D30-4115-B8D6-0E19C005A7EE}
	EndGlobalSection
EndGlobal
